
Microsoft Visual Studio Solution File, Format Version 12.00
# Visual Studio Version 17
VisualStudioVersion = 17.0.31903.59
MinimumVisualStudioVersion = 10.0.40219.1
Project("{2150E333-8FDC-42A3-9474-1A3956D46DE8}") = "src", "src", "{827E0CD3-B72D-47B6-A68D-7590B98EB39B}"
EndProject
Project("{FAE04EC0-301F-11D3-BF4B-00C04F79EFBC}") = "Playground", "src\Playground\Playground.csproj", "{07CFF9C3-2E4A-4CFA-9953-9C821408B68E}"
EndProject
Project("{2150E333-8FDC-42A3-9474-1A3956D46DE8}") = "docs", "docs", "{02EA681E-C7D8-13C7-8484-4AC65E1B71E8}"
EndProject
Project("{2150E333-8FDC-42A3-9474-1A3956D46DE8}") = "Collections", "Collections", "{6113ABF4-F7D3-4FAD-81EC-69810AC54893}"
	ProjectSection(SolutionItems) = preProject
		docs\Collections\Collections.md = docs\Collections\Collections.md
	EndProjectSection
EndProject
Project("{2150E333-8FDC-42A3-9474-1A3956D46DE8}") = "LINQ and Delegates", "LINQ and Delegates", "{79B5803F-3ADD-4A7B-868C-2C19903CC207}"
	ProjectSection(SolutionItems) = preProject
		docs\LINQ and Delegates\ArchitecturalDecission.md = docs\LINQ and Delegates\ArchitecturalDecission.md
		docs\LINQ and Delegates\Disadvantages.md = docs\LINQ and Delegates\Disadvantages.md
		docs\LINQ and Delegates\Excercise.md = docs\LINQ and Delegates\Excercise.md
		docs\LINQ and Delegates\LINQ.md = docs\LINQ and Delegates\LINQ.md
	EndProjectSection
EndProject
Project("{2150E333-8FDC-42A3-9474-1A3956D46DE8}") = "DependencyInjection", "DependencyInjection", "{77959197-15CC-4BDF-B85C-5032517EEAF0}"
	ProjectSection(SolutionItems) = preProject
		..\..\..\..\Desktop\New folder\DI_Flowchart.html = ..\..\..\..\Desktop\New folder\DI_Flowchart.html
	EndProjectSection
EndProject
Project("{2150E333-8FDC-42A3-9474-1A3956D46DE8}") = "Plan", "Plan", "{6D6E0C3F-541E-4DDE-983C-637C41AAF437}"
	ProjectSection(SolutionItems) = preProject
		..\..\..\..\Downloads\architect_30day_plan.docx = ..\..\..\..\Downloads\architect_30day_plan.docx
	EndProjectSection
EndProject
Project("{2150E333-8FDC-42A3-9474-1A3956D46DE8}") = "Queries", "Queries", "{CBE17FA8-463D-44EA-B854-579C79BEB99C}"
EndProject
Project("{FAE04EC0-301F-11D3-BF4B-00C04F79EFBC}") = "Playground.Tests", "Playground.Tests\Playground.Tests.csproj", "{13255664-F3C6-4E6C-B2FA-CBC6C3C4DD01}"
EndProject
Project("{2150E333-8FDC-42A3-9474-1A3956D46DE8}") = ".github", ".github", "{343BBAEC-6EAA-4551-9180-699C4185AEBD}"
EndProject
Project("{2150E333-8FDC-42A3-9474-1A3956D46DE8}") = "workflows", "workflows", "{103B69B8-B8AE-49AA-9C2B-D00AC8EE3BDF}"
	ProjectSection(SolutionItems) = preProject
		.github\workflows\ci.yml = .github\workflows\ci.yml
	EndProjectSection
EndProject
Project("{2150E333-8FDC-42A3-9474-1A3956D46DE8}") = "CompleteDotnetResources", "CompleteDotnetResources", "{F518842A-1A45-4AA8-8F3E-BD6E0F3EAFDC}"
	ProjectSection(SolutionItems) = preProject
		C:\Users\sarada\Downloads\LearningResources.xlsx = C:\Users\sarada\Downloads\LearningResources.xlsx
	EndProjectSection
EndProject
Global
	GlobalSection(SolutionConfigurationPlatforms) = preSolution
		Debug|Any CPU = Debug|Any CPU
		Debug|x64 = Debug|x64
		Debug|x86 = Debug|x86
		Release|Any CPU = Release|Any CPU
		Release|x64 = Release|x64
		Release|x86 = Release|x86
	EndGlobalSection
	GlobalSection(ProjectConfigurationPlatforms) = postSolution
		{07CFF9C3-2E4A-4CFA-9953-9C821408B68E}.Debug|Any CPU.ActiveCfg = Debug|Any CPU
		{07CFF9C3-2E4A-4CFA-9953-9C821408B68E}.Debug|Any CPU.Build.0 = Debug|Any CPU
		{07CFF9C3-2E4A-4CFA-9953-9C821408B68E}.Debug|x64.ActiveCfg = Debug|Any CPU
		{07CFF9C3-2E4A-4CFA-9953-9C821408B68E}.Debug|x64.Build.0 = Debug|Any CPU
		{07CFF9C3-2E4A-4CFA-9953-9C821408B68E}.Debug|x86.ActiveCfg = Debug|Any CPU
		{07CFF9C3-2E4A-4CFA-9953-9C821408B68E}.Debug|x86.Build.0 = Debug|Any CPU
		{07CFF9C3-2E4A-4CFA-9953-9C821408B68E}.Release|Any CPU.ActiveCfg = Release|Any CPU
		{07CFF9C3-2E4A-4CFA-9953-9C821408B68E}.Release|Any CPU.Build.0 = Release|Any CPU
		{07CFF9C3-2E4A-4CFA-9953-9C821408B68E}.Release|x64.ActiveCfg = Release|Any CPU
		{07CFF9C3-2E4A-4CFA-9953-9C821408B68E}.Release|x64.Build.0 = Release|Any CPU
		{07CFF9C3-2E4A-4CFA-9953-9C821408B68E}.Release|x86.ActiveCfg = Release|Any CPU
		{07CFF9C3-2E4A-4CFA-9953-9C821408B68E}.Release|x86.Build.0 = Release|Any CPU
		{13255664-F3C6-4E6C-B2FA-CBC6C3C4DD01}.Debug|Any CPU.ActiveCfg = Debug|Any CPU
		{13255664-F3C6-4E6C-B2FA-CBC6C3C4DD01}.Debug|Any CPU.Build.0 = Debug|Any CPU
		{13255664-F3C6-4E6C-B2FA-CBC6C3C4DD01}.Debug|x64.ActiveCfg = Debug|Any CPU
		{13255664-F3C6-4E6C-B2FA-CBC6C3C4DD01}.Debug|x64.Build.0 = Debug|Any CPU
		{13255664-F3C6-4E6C-B2FA-CBC6C3C4DD01}.Debug|x86.ActiveCfg = Debug|Any CPU
		{13255664-F3C6-4E6C-B2FA-CBC6C3C4DD01}.Debug|x86.Build.0 = Debug|Any CPU
		{13255664-F3C6-4E6C-B2FA-CBC6C3C4DD01}.Release|Any CPU.ActiveCfg = Release|Any CPU
		{13255664-F3C6-4E6C-B2FA-CBC6C3C4DD01}.Release|Any CPU.Build.0 = Release|Any CPU
		{13255664-F3C6-4E6C-B2FA-CBC6C3C4DD01}.Release|x64.ActiveCfg = Release|Any CPU
		{13255664-F3C6-4E6C-B2FA-CBC6C3C4DD01}.Release|x64.Build.0 = Release|Any CPU
		{13255664-F3C6-4E6C-B2FA-CBC6C3C4DD01}.Release|x86.ActiveCfg = Release|Any CPU
		{13255664-F3C6-4E6C-B2FA-CBC6C3C4DD01}.Release|x86.Build.0 = Release|Any CPU
	EndGlobalSection
	GlobalSection(SolutionProperties) = preSolution
		HideSolutionNode = FALSE
	EndGlobalSection
	GlobalSection(NestedProjects) = preSolution
		{07CFF9C3-2E4A-4CFA-9953-9C821408B68E} = {827E0CD3-B72D-47B6-A68D-7590B98EB39B}
		{6113ABF4-F7D3-4FAD-81EC-69810AC54893} = {02EA681E-C7D8-13C7-8484-4AC65E1B71E8}
		{79B5803F-3ADD-4A7B-868C-2C19903CC207} = {02EA681E-C7D8-13C7-8484-4AC65E1B71E8}
		{77959197-15CC-4BDF-B85C-5032517EEAF0} = {02EA681E-C7D8-13C7-8484-4AC65E1B71E8}
		{6D6E0C3F-541E-4DDE-983C-637C41AAF437} = {02EA681E-C7D8-13C7-8484-4AC65E1B71E8}
		{CBE17FA8-463D-44EA-B854-579C79BEB99C} = {02EA681E-C7D8-13C7-8484-4AC65E1B71E8}
		{13255664-F3C6-4E6C-B2FA-CBC6C3C4DD01} = {827E0CD3-B72D-47B6-A68D-7590B98EB39B}
		{103B69B8-B8AE-49AA-9C2B-D00AC8EE3BDF} = {343BBAEC-6EAA-4551-9180-699C4185AEBD}
		{F518842A-1A45-4AA8-8F3E-BD6E0F3EAFDC} = {02EA681E-C7D8-13C7-8484-4AC65E1B71E8}
	EndGlobalSection
	GlobalSection(ExtensibilityGlobals) = postSolution
		SolutionGuid = {83E15828-9AED-4662-B0D2-989EAB6F87CA}
	EndGlobalSection
EndGlobal
